// !$*UTF8*$!
{
	archiveVersion = 1;
	classes = {
	};
	objectVersion = 77;
	objects = {

/* Begin PBXBuildFile section */
		429B4B292E2AF39B007024A8 /* WidgetKit.framework in Frameworks */ = {isa = PBXBuildFile; fileRef = 429B4B282E2AF39B007024A8 /* WidgetKit.framework */; };
		429B4B2B2E2AF39B007024A8 /* SwiftUI.framework in Frameworks */ = {isa = PBXBuildFile; fileRef = 429B4B2A2E2AF39B007024A8 /* SwiftUI.framework */; };
		429B4B3C2E2AF39E007024A8 /* NoBuddyWidgetExtension.appex in Embed Foundation Extensions */ = {isa = PBXBuildFile; fileRef = 429B4B262E2AF39B007024A8 /* NoBuddyWidgetExtension.appex */; settings = {ATTRIBUTES = (RemoveHeadersOnCopy, ); }; };
/* End PBXBuildFile section */

/* Begin PBXContainerItemProxy section */
		429B4AE92E2AF1A6007024A8 /* PBXContainerItemProxy */ = {
			isa = PBXContainerItemProxy;
			containerPortal = 429B4ACF2E2AF1A2007024A8 /* Project object */;
			proxyType = 1;
			remoteGlobalIDString = 429B4AD62E2AF1A2007024A8;
			remoteInfo = NoBuddy;
		};
		429B4AF32E2AF1A6007024A8 /* PBXContainerItemProxy */ = {
			isa = PBXContainerItemProxy;
			containerPortal = 429B4ACF2E2AF1A2007024A8 /* Project object */;
			proxyType = 1;
			remoteGlobalIDString = 429B4AD62E2AF1A2007024A8;
			remoteInfo = NoBuddy;
		};
		429B4B3A2E2AF39E007024A8 /* PBXContainerItemProxy */ = {
			isa = PBXContainerItemProxy;
			containerPortal = 429B4ACF2E2AF1A2007024A8 /* Project object */;
			proxyType = 1;
			remoteGlobalIDString = 429B4B252E2AF39B007024A8;
			remoteInfo = NoBuddyWidgetExtension;
		};
/* End PBXContainerItemProxy section */

/* Begin PBXCopyFilesBuildPhase section */
		429B4B412E2AF39E007024A8 /* Embed Foundation Extensions */ = {
			isa = PBXCopyFilesBuildPhase;
			buildActionMask = 2147483647;
			dstPath = "";
			dstSubfolderSpec = 13;
			files = (
				429B4B3C2E2AF39E007024A8 /* NoBuddyWidgetExtension.appex in Embed Foundation Extensions */,
			);
			name = "Embed Foundation Extensions";
			runOnlyForDeploymentPostprocessing = 0;
		};
/* End PBXCopyFilesBuildPhase section */

/* Begin PBXFileReference section */
		422EEC0D2E2E2F21004E5C64 /* NoBuddyWidgetExtension.entitlements */ = {isa = PBXFileReference; lastKnownFileType = text.plist.entitlements; path = NoBuddyWidgetExtension.entitlements; sourceTree = "<group>"; };
		429B4AD72E2AF1A2007024A8 /* NoBuddy.app */ = {isa = PBXFileReference; explicitFileType = wrapper.application; includeInIndex = 0; path = NoBuddy.app; sourceTree = BUILT_PRODUCTS_DIR; };
		429B4AE82E2AF1A6007024A8 /* NoBuddyTests.xctest */ = {isa = PBXFileReference; explicitFileType = wrapper.cfbundle; includeInIndex = 0; path = NoBuddyTests.xctest; sourceTree = BUILT_PRODUCTS_DIR; };
		429B4AF22E2AF1A6007024A8 /* NoBuddyUITests.xctest */ = {isa = PBXFileReference; explicitFileType = wrapper.cfbundle; includeInIndex = 0; path = NoBuddyUITests.xctest; sourceTree = BUILT_PRODUCTS_DIR; };
		429B4B262E2AF39B007024A8 /* NoBuddyWidgetExtension.appex */ = {isa = PBXFileReference; explicitFileType = "wrapper.app-extension"; includeInIndex = 0; path = NoBuddyWidgetExtension.appex; sourceTree = BUILT_PRODUCTS_DIR; };
		429B4B282E2AF39B007024A8 /* WidgetKit.framework */ = {isa = PBXFileReference; lastKnownFileType = wrapper.framework; name = WidgetKit.framework; path = System/Library/Frameworks/WidgetKit.framework; sourceTree = SDKROOT; };
		429B4B2A2E2AF39B007024A8 /* SwiftUI.framework */ = {isa = PBXFileReference; lastKnownFileType = wrapper.framework; name = SwiftUI.framework; path = System/Library/Frameworks/SwiftUI.framework; sourceTree = SDKROOT; };
/* End PBXFileReference section */

/* Begin PBXFileSystemSynchronizedBuildFileExceptionSet section */
		429B4AFA2E2AF1A6007024A8 /* Exceptions for "NoBuddy" folder in "NoBuddy" target */ = {
			isa = PBXFileSystemSynchronizedBuildFileExceptionSet;
			membershipExceptions = (
				Info.plist,
			);
			target = 429B4AD62E2AF1A2007024A8 /* NoBuddy */;
		};
		429B4B402E2AF39E007024A8 /* Exceptions for "NoBuddyWidget" folder in "NoBuddyWidgetExtension" target */ = {
			isa = PBXFileSystemSynchronizedBuildFileExceptionSet;
			membershipExceptions = (
				Info.plist,
			);
			target = 429B4B252E2AF39B007024A8 /* NoBuddyWidgetExtension */;
		};
/* End PBXFileSystemSynchronizedBuildFileExceptionSet section */

/* Begin PBXFileSystemSynchronizedRootGroup section */
		429B4AD92E2AF1A2007024A8 /* NoBuddy */ = {
			isa = PBXFileSystemSynchronizedRootGroup;
			exceptions = (
				429B4AFA2E2AF1A6007024A8 /* Exceptions for "NoBuddy" folder in "NoBuddy" target */,
			);
			path = NoBuddy;
			sourceTree = "<group>";
		};
		429B4AEB2E2AF1A6007024A8 /* NoBuddyTests */ = {
			isa = PBXFileSystemSynchronizedRootGroup;
			path = NoBuddyTests;
			sourceTree = "<group>";
		};
		429B4AF52E2AF1A6007024A8 /* NoBuddyUITests */ = {
			isa = PBXFileSystemSynchronizedRootGroup;
			path = NoBuddyUITests;
			sourceTree = "<group>";
		};
		429B4B2C2E2AF39B007024A8 /* NoBuddyWidget */ = {
			isa = PBXFileSystemSynchronizedRootGroup;
			exceptions = (
				429B4B402E2AF39E007024A8 /* Exceptions for "NoBuddyWidget" folder in "NoBuddyWidgetExtension" target */,
			);
			path = NoBuddyWidget;
			sourceTree = "<group>";
		};
/* End PBXFileSystemSynchronizedRootGroup section */

/* Begin PBXFrameworksBuildPhase section */
		429B4AD42E2AF1A2007024A8 /* Frameworks */ = {
			isa = PBXFrameworksBuildPhase;
			buildActionMask = 2147483647;
			files = (
			);
			runOnlyForDeploymentPostprocessing = 0;
		};
		429B4AE52E2AF1A6007024A8 /* Frameworks */ = {
			isa = PBXFrameworksBuildPhase;
			buildActionMask = 2147483647;
			files = (
			);
			runOnlyForDeploymentPostprocessing = 0;
		};
		429B4AEF2E2AF1A6007024A8 /* Frameworks */ = {
			isa = PBXFrameworksBuildPhase;
			buildActionMask = 2147483647;
			files = (
			);
			runOnlyForDeploymentPostprocessing = 0;
		};
		429B4B232E2AF39B007024A8 /* Frameworks */ = {
			isa = PBXFrameworksBuildPhase;
			buildActionMask = 2147483647;
			files = (
				429B4B2B2E2AF39B007024A8 /* SwiftUI.framework in Frameworks */,
				429B4B292E2AF39B007024A8 /* WidgetKit.framework in Frameworks */,
			);
			runOnlyForDeploymentPostprocessing = 0;
		};
/* End PBXFrameworksBuildPhase section */

/* Begin PBXGroup section */
		429B4ACE2E2AF1A2007024A8 = {
			isa = PBXGroup;
			children = (
				422EEC0D2E2E2F21004E5C64 /* NoBuddyWidgetExtension.entitlements */,
				429B4AD92E2AF1A2007024A8 /* NoBuddy */,
				429B4AEB2E2AF1A6007024A8 /* NoBuddyTests */,
				429B4AF52E2AF1A6007024A8 /* NoBuddyUITests */,
				429B4B2C2E2AF39B007024A8 /* NoBuddyWidget */,
				429B4B272E2AF39B007024A8 /* Frameworks */,
				429B4AD82E2AF1A2007024A8 /* Products */,
			);
			sourceTree = "<group>";
		};
		429B4AD82E2AF1A2007024A8 /* Products */ = {
			isa = PBXGroup;
			children = (
				429B4AD72E2AF1A2007024A8 /* NoBuddy.app */,
				429B4AE82E2AF1A6007024A8 /* NoBuddyTests.xctest */,
				429B4AF22E2AF1A6007024A8 /* NoBuddyUITests.xctest */,
				429B4B262E2AF39B007024A8 /* NoBuddyWidgetExtension.appex */,
			);
			name = Products;
			sourceTree = "<group>";
		};
		429B4B272E2AF39B007024A8 /* Frameworks */ = {
			isa = PBXGroup;
			children = (
				429B4B282E2AF39B007024A8 /* WidgetKit.framework */,
				429B4B2A2E2AF39B007024A8 /* SwiftUI.framework */,
			);
			name = Frameworks;
			sourceTree = "<group>";
		};
/* End PBXGroup section */

/* Begin PBXNativeTarget section */
		429B4AD62E2AF1A2007024A8 /* NoBuddy */ = {
			isa = PBXNativeTarget;
			buildConfigurationList = 429B4AFB2E2AF1A6007024A8 /* Build configuration list for PBXNativeTarget "NoBuddy" */;
			buildPhases = (
				429B4AD32E2AF1A2007024A8 /* Sources */,
				429B4AD42E2AF1A2007024A8 /* Frameworks */,
				429B4AD52E2AF1A2007024A8 /* Resources */,
				429B4B412E2AF39E007024A8 /* Embed Foundation Extensions */,
			);
			buildRules = (
			);
			dependencies = (
				429B4B3B2E2AF39E007024A8 /* PBXTargetDependency */,
			);
			fileSystemSynchronizedGroups = (
				429B4AD92E2AF1A2007024A8 /* NoBuddy */,
			);
			name = NoBuddy;
			packageProductDependencies = (
			);
			productName = NoBuddy;
			productReference = 429B4AD72E2AF1A2007024A8 /* NoBuddy.app */;
			productType = "com.apple.product-type.application";
		};
		429B4AE72E2AF1A6007024A8 /* NoBuddyTests */ = {
			isa = PBXNativeTarget;
			buildConfigurationList = 429B4B002E2AF1A6007024A8 /* Build configuration list for PBXNativeTarget "NoBuddyTests" */;
			buildPhases = (
				429B4AE42E2AF1A6007024A8 /* Sources */,
				429B4AE52E2AF1A6007024A8 /* Frameworks */,
				429B4AE62E2AF1A6007024A8 /* Resources */,
			);
			buildRules = (
			);
			dependencies = (
				429B4AEA2E2AF1A6007024A8 /* PBXTargetDependency */,
			);
			fileSystemSynchronizedGroups = (
				429B4AEB2E2AF1A6007024A8 /* NoBuddyTests */,
			);
			name = NoBuddyTests;
			packageProductDependencies = (
			);
			productName = NoBuddyTests;
			productReference = 429B4AE82E2AF1A6007024A8 /* NoBuddyTests.xctest */;
			productType = "com.apple.product-type.bundle.unit-test";
		};
		429B4AF12E2AF1A6007024A8 /* NoBuddyUITests */ = {
			isa = PBXNativeTarget;
			buildConfigurationList = 429B4B032E2AF1A6007024A8 /* Build configuration list for PBXNativeTarget "NoBuddyUITests" */;
			buildPhases = (
				429B4AEE2E2AF1A6007024A8 /* Sources */,
				429B4AEF2E2AF1A6007024A8 /* Frameworks */,
				429B4AF02E2AF1A6007024A8 /* Resources */,
			);
			buildRules = (
			);
			dependencies = (
				429B4AF42E2AF1A6007024A8 /* PBXTargetDependency */,
			);
			fileSystemSynchronizedGroups = (
				429B4AF52E2AF1A6007024A8 /* NoBuddyUITests */,
			);
			name = NoBuddyUITests;
			packageProductDependencies = (
			);
			productName = NoBuddyUITests;
			productReference = 429B4AF22E2AF1A6007024A8 /* NoBuddyUITests.xctest */;
			productType = "com.apple.product-type.bundle.ui-testing";
		};
		429B4B252E2AF39B007024A8 /* NoBuddyWidgetExtension */ = {
			isa = PBXNativeTarget;
			buildConfigurationList = 429B4B3D2E2AF39E007024A8 /* Build configuration list for PBXNativeTarget "NoBuddyWidgetExtension" */;
			buildPhases = (
				429B4B222E2AF39B007024A8 /* Sources */,
				429B4B232E2AF39B007024A8 /* Frameworks */,
				429B4B242E2AF39B007024A8 /* Resources */,
			);
			buildRules = (
			);
			dependencies = (
			);
			fileSystemSynchronizedGroups = (
				429B4B2C2E2AF39B007024A8 /* NoBuddyWidget */,
			);
			name = NoBuddyWidgetExtension;
			packageProductDependencies = (
			);
			productName = NoBuddyWidgetExtension;
			productReference = 429B4B262E2AF39B007024A8 /* NoBuddyWidgetExtension.appex */;
			productType = "com.apple.product-type.app-extension";
		};
/* End PBXNativeTarget section */

/* Begin PBXProject section */
		429B4ACF2E2AF1A2007024A8 /* Project object */ = {
			isa = PBXProject;
			attributes = {
				BuildIndependentTargetsInParallel = 1;
				LastSwiftUpdateCheck = 2600;
				LastUpgradeCheck = 2600;
				TargetAttributes = {
					429B4AD62E2AF1A2007024A8 = {
						CreatedOnToolsVersion = 26.0;
					};
					429B4AE72E2AF1A6007024A8 = {
						CreatedOnToolsVersion = 26.0;
						TestTargetID = 429B4AD62E2AF1A2007024A8;
					};
					429B4AF12E2AF1A6007024A8 = {
						CreatedOnToolsVersion = 26.0;
						TestTargetID = 429B4AD62E2AF1A2007024A8;
					};
					429B4B252E2AF39B007024A8 = {
						CreatedOnToolsVersion = 26.0;
					};
				};
			};
			buildConfigurationList = 429B4AD22E2AF1A2007024A8 /* Build configuration list for PBXProject "NoBuddy" */;
			developmentRegion = en;
			hasScannedForEncodings = 0;
			knownRegions = (
				en,
				Base,
			);
			mainGroup = 429B4ACE2E2AF1A2007024A8;
			minimizedProjectReferenceProxies = 1;
			preferredProjectObjectVersion = 77;
			productRefGroup = 429B4AD82E2AF1A2007024A8 /* Products */;
			projectDirPath = "";
			projectRoot = "";
			targets = (
				429B4AD62E2AF1A2007024A8 /* NoBuddy */,
				429B4AE72E2AF1A6007024A8 /* NoBuddyTests */,
				429B4AF12E2AF1A6007024A8 /* NoBuddyUITests */,
				429B4B252E2AF39B007024A8 /* NoBuddyWidgetExtension */,
			);
		};
/* End PBXProject section */

/* Begin PBXResourcesBuildPhase section */
		429B4AD52E2AF1A2007024A8 /* Resources */ = {
			isa = PBXResourcesBuildPhase;
			buildActionMask = 2147483647;
			files = (
			);
			runOnlyForDeploymentPostprocessing = 0;
		};
		429B4AE62E2AF1A6007024A8 /* Resources */ = {
			isa = PBXResourcesBuildPhase;
			buildActionMask = 2147483647;
			files = (
			);
			runOnlyForDeploymentPostprocessing = 0;
		};
		429B4AF02E2AF1A6007024A8 /* Resources */ = {
			isa = PBXResourcesBuildPhase;
			buildActionMask = 2147483647;
			files = (
			);
			runOnlyForDeploymentPostprocessing = 0;
		};
		429B4B242E2AF39B007024A8 /* Resources */ = {
			isa = PBXResourcesBuildPhase;
			buildActionMask = 2147483647;
			files = (
			);
			runOnlyForDeploymentPostprocessing = 0;
		};
/* End PBXResourcesBuildPhase section */

/* Begin PBXSourcesBuildPhase section */
		429B4AD32E2AF1A2007024A8 /* Sources */ = {
			isa = PBXSourcesBuildPhase;
			buildActionMask = 2147483647;
			files = (
			);
			runOnlyForDeploymentPostprocessing = 0;
		};
		429B4AE42E2AF1A6007024A8 /* Sources */ = {
			isa = PBXSourcesBuildPhase;
			buildActionMask = 2147483647;
			files = (
			);
			runOnlyForDeploymentPostprocessing = 0;
		};
		429B4AEE2E2AF1A6007024A8 /* Sources */ = {
			isa = PBXSourcesBuildPhase;
			buildActionMask = 2147483647;
			files = (
			);
			runOnlyForDeploymentPostprocessing = 0;
		};
		429B4B222E2AF39B007024A8 /* Sources */ = {
			isa = PBXSourcesBuildPhase;
			buildActionMask = 2147483647;
			files = (
			);
			runOnlyForDeploymentPostprocessing = 0;
		};
/* End PBXSourcesBuildPhase section */

/* Begin PBXTargetDependency section */
		429B4AEA2E2AF1A6007024A8 /* PBXTargetDependency */ = {
			isa = PBXTargetDependency;
			target = 429B4AD62E2AF1A2007024A8 /* NoBuddy */;
			targetProxy = 429B4AE92E2AF1A6007024A8 /* PBXContainerItemProxy */;
		};
		429B4AF42E2AF1A6007024A8 /* PBXTargetDependency */ = {
			isa = PBXTargetDependency;
			target = 429B4AD62E2AF1A2007024A8 /* NoBuddy */;
			targetProxy = 429B4AF32E2AF1A6007024A8 /* PBXContainerItemProxy */;
		};
		429B4B3B2E2AF39E007024A8 /* PBXTargetDependency */ = {
			isa = PBXTargetDependency;
			target = 429B4B252E2AF39B007024A8 /* NoBuddyWidgetExtension */;
			targetProxy = 429B4B3A2E2AF39E007024A8 /* PBXContainerItemProxy */;
		};
/* End PBXTargetDependency section */

/* Begin XCBuildConfiguration section */
		429B4AFC2E2AF1A6007024A8 /* Debug */ = {
			isa = XCBuildConfiguration;
			buildSettings = {
				ASSETCATALOG_COMPILER_APPICON_NAME = AppIcon;
				ASSETCATALOG_COMPILER_GLOBAL_ACCENT_COLOR_NAME = AccentColor;
				CODE_SIGN_ENTITLEMENTS = NoBuddy/NoBuddy.entitlements;
				CODE_SIGN_STYLE = Automatic;
				CURRENT_PROJECT_VERSION = 1;
				DEVELOPMENT_TEAM = FZ8DWDX6A5;
				ENABLE_APP_SANDBOX = YES;
				ENABLE_HARDENED_RUNTIME = YES;
				ENABLE_PREVIEWS = YES;
				ENABLE_USER_SELECTED_FILES = readonly;
				GENERATE_INFOPLIST_FILE = YES;
				INFOPLIST_FILE = NoBuddy/Info.plist;
				"INFOPLIST_KEY_UIApplicationSceneManifest_Generation[sdk=iphoneos*]" = YES;
				"INFOPLIST_KEY_UIApplicationSceneManifest_Generation[sdk=iphonesimulator*]" = YES;
				"INFOPLIST_KEY_UIApplicationSupportsIndirectInputEvents[sdk=iphoneos*]" = YES;
				"INFOPLIST_KEY_UIApplicationSupportsIndirectInputEvents[sdk=iphonesimulator*]" = YES;
				"INFOPLIST_KEY_UILaunchScreen_Generation[sdk=iphoneos*]" = YES;
				"INFOPLIST_KEY_UILaunchScreen_Generation[sdk=iphonesimulator*]" = YES;
				"INFOPLIST_KEY_UIStatusBarStyle[sdk=iphoneos*]" = UIStatusBarStyleDefault;
				"INFOPLIST_KEY_UIStatusBarStyle[sdk=iphonesimulator*]" = UIStatusBarStyleDefault;
				INFOPLIST_KEY_UISupportedInterfaceOrientations_iPad = "UIInterfaceOrientationPortrait UIInterfaceOrientationPortraitUpsideDown UIInterfaceOrientationLandscapeLeft UIInterfaceOrientationLandscapeRight";
				INFOPLIST_KEY_UISupportedInterfaceOrientations_iPhone = "UIInterfaceOrientationPortrait UIInterfaceOrientationLandscapeLeft UIInterfaceOrientationLandscapeRight";
				IPHONEOS_DEPLOYMENT_TARGET = 18.0;
				LD_RUNPATH_SEARCH_PATHS = "@executable_path/Frameworks";
				"LD_RUNPATH_SEARCH_PATHS[sdk=macosx*]" = "@executable_path/../Frameworks";
				MACOSX_DEPLOYMENT_TARGET = 26.0;
				MARKETING_VERSION = 1.0;
				PRODUCT_BUNDLE_IDENTIFIER = jmount.NoBuddy;
				PRODUCT_NAME = "$(TARGET_NAME)";
				REGISTER_APP_GROUPS = YES;
				SDKROOT = auto;
				STRING_CATALOG_GENERATE_SYMBOLS = YES;
				SUPPORTED_PLATFORMS = "iphoneos iphonesimulator";
				SUPPORTS_MACCATALYST = NO;
				SWIFT_DEFAULT_ACTOR_ISOLATION = MainActor;
				SWIFT_EMIT_LOC_STRINGS = YES;
				SWIFT_UPCOMING_FEATURE_MEMBER_IMPORT_VISIBILITY = YES;
				SWIFT_VERSION = 5.0;
				TARGETED_DEVICE_FAMILY = "1,2";
				XROS_DEPLOYMENT_TARGET = 26.0;
			};
			name = Debug;
		};
		429B4AFD2E2AF1A6007024A8 /* Release */ = {
			isa = XCBuildConfiguration;
			buildSettings = {
				ASSETCATALOG_COMPILER_APPICON_NAME = AppIcon;
				ASSETCATALOG_COMPILER_GLOBAL_ACCENT_COLOR_NAME = AccentColor;
				CODE_SIGN_ENTITLEMENTS = NoBuddy/NoBuddy.entitlements;
				CODE_SIGN_STYLE = Automatic;
				CURRENT_PROJECT_VERSION = 1;
				DEVELOPMENT_TEAM = FZ8DWDX6A5;
				ENABLE_APP_SANDBOX = YES;
				ENABLE_HARDENED_RUNTIME = YES;
				ENABLE_PREVIEWS = YES;
				ENABLE_USER_SELECTED_FILES = readonly;
				GENERATE_INFOPLIST_FILE = YES;
				INFOPLIST_FILE = NoBuddy/Info.plist;
				"INFOPLIST_KEY_UIApplicationSceneManifest_Generation[sdk=iphoneos*]" = YES;
				"INFOPLIST_KEY_UIApplicationSceneManifest_Generation[sdk=iphonesimulator*]" = YES;
				"INFOPLIST_KEY_UIApplicationSupportsIndirectInputEvents[sdk=iphoneos*]" = YES;
				"INFOPLIST_KEY_UIApplicationSupportsIndirectInputEvents[sdk=iphonesimulator*]" = YES;
				"INFOPLIST_KEY_UILaunchScreen_Generation[sdk=iphoneos*]" = YES;
				"INFOPLIST_KEY_UILaunchScreen_Generation[sdk=iphonesimulator*]" = YES;
				"INFOPLIST_KEY_UIStatusBarStyle[sdk=iphoneos*]" = UIStatusBarStyleDefault;
				"INFOPLIST_KEY_UIStatusBarStyle[sdk=iphonesimulator*]" = UIStatusBarStyleDefault;
				INFOPLIST_KEY_UISupportedInterfaceOrientations_iPad = "UIInterfaceOrientationPortrait UIInterfaceOrientationPortraitUpsideDown UIInterfaceOrientationLandscapeLeft UIInterfaceOrientationLandscapeRight";
				INFOPLIST_KEY_UISupportedInterfaceOrientations_iPhone = "UIInterfaceOrientationPortrait UIInterfaceOrientationLandscapeLeft UIInterfaceOrientationLandscapeRight";
				IPHONEOS_DEPLOYMENT_TARGET = 18.0;
				LD_RUNPATH_SEARCH_PATHS = "@executable_path/Frameworks";
				"LD_RUNPATH_SEARCH_PATHS[sdk=macosx*]" = "@executable_path/../Frameworks";
				MACOSX_DEPLOYMENT_TARGET = 26.0;
				MARKETING_VERSION = 1.0;
				PRODUCT_BUNDLE_IDENTIFIER = jmount.NoBuddy;
				PRODUCT_NAME = "$(TARGET_NAME)";
				REGISTER_APP_GROUPS = YES;
				SDKROOT = auto;
				STRING_CATALOG_GENERATE_SYMBOLS = YES;
				SUPPORTED_PLATFORMS = "iphoneos iphonesimulator";
				SUPPORTS_MACCATALYST = NO;
				SWIFT_DEFAULT_ACTOR_ISOLATION = MainActor;
				SWIFT_EMIT_LOC_STRINGS = YES;
				SWIFT_UPCOMING_FEATURE_MEMBER_IMPORT_VISIBILITY = YES;
				SWIFT_VERSION = 5.0;
				TARGETED_DEVICE_FAMILY = "1,2";
				XROS_DEPLOYMENT_TARGET = 26.0;
			};
			name = Release;
		};
		429B4AFE2E2AF1A6007024A8 /* Debug */ = {
			isa = XCBuildConfiguration;
			buildSettings = {
				ALWAYS_SEARCH_USER_PATHS = NO;
				ASSETCATALOG_COMPILER_GENERATE_SWIFT_ASSET_SYMBOL_EXTENSIONS = YES;
				CLANG_ANALYZER_NONNULL = YES;
				CLANG_ANALYZER_NUMBER_OBJECT_CONVERSION = YES_AGGRESSIVE;
				CLANG_CXX_LANGUAGE_STANDARD = "gnu++20";
				CLANG_ENABLE_MODULES = YES;
				CLANG_ENABLE_OBJC_ARC = YES;
				CLANG_ENABLE_OBJC_WEAK = YES;
				CLANG_WARN_BLOCK_CAPTURE_AUTORELEASING = YES;
				CLANG_WARN_BOOL_CONVERSION = YES;
				CLANG_WARN_COMMA = YES;
				CLANG_WARN_CONSTANT_CONVERSION = YES;
				CLANG_WARN_DEPRECATED_OBJC_IMPLEMENTATIONS = YES;
				CLANG_WARN_DIRECT_OBJC_ISA_USAGE = YES_ERROR;
				CLANG_WARN_DOCUMENTATION_COMMENTS = YES;
				CLANG_WARN_EMPTY_BODY = YES;
				CLANG_WARN_ENUM_CONVERSION = YES;
				CLANG_WARN_INFINITE_RECURSION = YES;
				CLANG_WARN_INT_CONVERSION = YES;
				CLANG_WARN_NON_LITERAL_NULL_CONVERSION = YES;
				CLANG_WARN_OBJC_IMPLICIT_RETAIN_SELF = YES;
				CLANG_WARN_OBJC_LITERAL_CONVERSION = YES;
				CLANG_WARN_OBJC_ROOT_CLASS = YES_ERROR;
				CLANG_WARN_QUOTED_INCLUDE_IN_FRAMEWORK_HEADER = YES;
				CLANG_WARN_RANGE_LOOP_ANALYSIS = YES;
				CLANG_WARN_STRICT_PROTOTYPES = YES;
				CLANG_WARN_SUSPICIOUS_MOVE = YES;
				CLANG_WARN_UNGUARDED_AVAILABILITY = YES_AGGRESSIVE;
				CLANG_WARN_UNREACHABLE_CODE = YES;
				CLANG_WARN__DUPLICATE_METHOD_MATCH = YES;
				COPY_PHASE_STRIP = NO;
				DEBUG_INFORMATION_FORMAT = dwarf;
				DEVELOPMENT_TEAM = FZ8DWDX6A5;
				ENABLE_STRICT_OBJC_MSGSEND = YES;
				ENABLE_TESTABILITY = YES;
				ENABLE_USER_SCRIPT_SANDBOXING = YES;
				GCC_C_LANGUAGE_STANDARD = gnu17;
				GCC_DYNAMIC_NO_PIC = NO;
				GCC_NO_COMMON_BLOCKS = YES;
				GCC_OPTIMIZATION_LEVEL = 0;
				GCC_PREPROCESSOR_DEFINITIONS = (
					"DEBUG=1",
					"$(inherited)",
				);
				GCC_WARN_64_TO_32_BIT_CONVERSION = YES;
				GCC_WARN_ABOUT_RETURN_TYPE = YES_ERROR;
				GCC_WARN_UNDECLARED_SELECTOR = YES;
				GCC_WARN_UNINITIALIZED_AUTOS = YES_AGGRESSIVE;
				GCC_WARN_UNUSED_FUNCTION = YES;
				GCC_WARN_UNUSED_VARIABLE = YES;
				LOCALIZATION_PREFERS_STRING_CATALOGS = YES;
				MTL_ENABLE_DEBUG_INFO = INCLUDE_SOURCE;
				MTL_FAST_MATH = YES;
				ONLY_ACTIVE_ARCH = YES;
				SWIFT_ACTIVE_COMPILATION_CONDITIONS = "DEBUG $(inherited)";
				SWIFT_OPTIMIZATION_LEVEL = "-Onone";
			};
			name = Debug;
		};
		429B4AFF2E2AF1A6007024A8 /* Release */ = {
			isa = XCBuildConfiguration;
			buildSettings = {
				ALWAYS_SEARCH_USER_PATHS = NO;
				ASSETCATALOG_COMPILER_GENERATE_SWIFT_ASSET_SYMBOL_EXTENSIONS = YES;
				CLANG_ANALYZER_NONNULL = YES;
				CLANG_ANALYZER_NUMBER_OBJECT_CONVERSION = YES_AGGRESSIVE;
				CLANG_CXX_LANGUAGE_STANDARD = "gnu++20";
				CLANG_ENABLE_MODULES = YES;
				CLANG_ENABLE_OBJC_ARC = YES;
				CLANG_ENABLE_OBJC_WEAK = YES;
				CLANG_WARN_BLOCK_CAPTURE_AUTORELEASING = YES;
				CLANG_WARN_BOOL_CONVERSION = YES;
				CLANG_WARN_COMMA = YES;
				CLANG_WARN_CONSTANT_CONVERSION = YES;
				CLANG_WARN_DEPRECATED_OBJC_IMPLEMENTATIONS = YES;
				CLANG_WARN_DIRECT_OBJC_ISA_USAGE = YES_ERROR;
				CLANG_WARN_DOCUMENTATION_COMMENTS = YES;
				CLANG_WARN_EMPTY_BODY = YES;
				CLANG_WARN_ENUM_CONVERSION = YES;
				CLANG_WARN_INFINITE_RECURSION = YES;
				CLANG_WARN_INT_CONVERSION = YES;
				CLANG_WARN_NON_LITERAL_NULL_CONVERSION = YES;
				CLANG_WARN_OBJC_IMPLICIT_RETAIN_SELF = YES;
				CLANG_WARN_OBJC_LITERAL_CONVERSION = YES;
				CLANG_WARN_OBJC_ROOT_CLASS = YES_ERROR;
				CLANG_WARN_QUOTED_INCLUDE_IN_FRAMEWORK_HEADER = YES;
				CLANG_WARN_RANGE_LOOP_ANALYSIS = YES;
				CLANG_WARN_STRICT_PROTOTYPES = YES;
				CLANG_WARN_SUSPICIOUS_MOVE = YES;
				CLANG_WARN_UNGUARDED_AVAILABILITY = YES_AGGRESSIVE;
				CLANG_WARN_UNREACHABLE_CODE = YES;
				CLANG_WARN__DUPLICATE_METHOD_MATCH = YES;
				COPY_PHASE_STRIP = NO;
				DEBUG_INFORMATION_FORMAT = "dwarf-with-dsym";
				DEVELOPMENT_TEAM = FZ8DWDX6A5;
				ENABLE_NS_ASSERTIONS = NO;
				ENABLE_STRICT_OBJC_MSGSEND = YES;
				ENABLE_USER_SCRIPT_SANDBOXING = YES;
				GCC_C_LANGUAGE_STANDARD = gnu17;
				GCC_NO_COMMON_BLOCKS = YES;
				GCC_WARN_64_TO_32_BIT_CONVERSION = YES;
				GCC_WARN_ABOUT_RETURN_TYPE = YES_ERROR;
				GCC_WARN_UNDECLARED_SELECTOR = YES;
				GCC_WARN_UNINITIALIZED_AUTOS = YES_AGGRESSIVE;
				GCC_WARN_UNUSED_FUNCTION = YES;
				GCC_WARN_UNUSED_VARIABLE = YES;
				LOCALIZATION_PREFERS_STRING_CATALOGS = YES;
				MTL_ENABLE_DEBUG_INFO = NO;
				MTL_FAST_MATH = YES;
				SWIFT_COMPILATION_MODE = wholemodule;
			};
			name = Release;
		};
		429B4B012E2AF1A6007024A8 /* Debug */ = {
			isa = XCBuildConfiguration;
			buildSettings = {
				BUNDLE_LOADER = "$(TEST_HOST)";
				CODE_SIGN_STYLE = Automatic;
				CURRENT_PROJECT_VERSION = 1;
				DEVELOPMENT_TEAM = FZ8DWDX6A5;
				GENERATE_INFOPLIST_FILE = YES;
				IPHONEOS_DEPLOYMENT_TARGET = 18.0;
				MACOSX_DEPLOYMENT_TARGET = 26.0;
				MARKETING_VERSION = 1.0;
				PRODUCT_BUNDLE_IDENTIFIER = jmount.NoBuddyTests;
				PRODUCT_NAME = "$(TARGET_NAME)";
				SDKROOT = auto;
				STRING_CATALOG_GENERATE_SYMBOLS = NO;
				SUPPORTED_PLATFORMS = "iphoneos iphonesimulator macosx xros xrsimulator";
				SWIFT_EMIT_LOC_STRINGS = NO;
				SWIFT_UPCOMING_FEATURE_MEMBER_IMPORT_VISIBILITY = YES;
				SWIFT_VERSION = 5.0;
				TARGETED_DEVICE_FAMILY = "1,2,7";
				TEST_HOST = "$(BUILT_PRODUCTS_DIR)/NoBuddy.app/$(BUNDLE_EXECUTABLE_FOLDER_PATH)/NoBuddy";
				XROS_DEPLOYMENT_TARGET = 26.0;
			};
			name = Debug;
		};
		429B4B022E2AF1A6007024A8 /* Release */ = {
			isa = XCBuildConfiguration;
			buildSettings = {
				BUNDLE_LOADER = "$(TEST_HOST)";
				CODE_SIGN_STYLE = Automatic;
				CURRENT_PROJECT_VERSION = 1;
				DEVELOPMENT_TEAM = FZ8DWDX6A5;
				GENERATE_INFOPLIST_FILE = YES;
				IPHONEOS_DEPLOYMENT_TARGET = 18.0;
				MACOSX_DEPLOYMENT_TARGET = 26.0;
				MARKETING_VERSION = 1.0;
				PRODUCT_BUNDLE_IDENTIFIER = jmount.NoBuddyTests;
				PRODUCT_NAME = "$(TARGET_NAME)";
				SDKROOT = auto;
				STRING_CATALOG_GENERATE_SYMBOLS = NO;
				SUPPORTED_PLATFORMS = "iphoneos iphonesimulator macosx xros xrsimulator";
				SWIFT_EMIT_LOC_STRINGS = NO;
				SWIFT_UPCOMING_FEATURE_MEMBER_IMPORT_VISIBILITY = YES;
				SWIFT_VERSION = 5.0;
				TARGETED_DEVICE_FAMILY = "1,2,7";
				TEST_HOST = "$(BUILT_PRODUCTS_DIR)/NoBuddy.app/$(BUNDLE_EXECUTABLE_FOLDER_PATH)/NoBuddy";
				XROS_DEPLOYMENT_TARGET = 26.0;
			};
			name = Release;
		};
		429B4B042E2AF1A6007024A8 /* Debug */ = {
			isa = XCBuildConfiguration;
			buildSettings = {
				CODE_SIGN_STYLE = Automatic;
				CURRENT_PROJECT_VERSION = 1;
				DEVELOPMENT_TEAM = FZ8DWDX6A5;
				GENERATE_INFOPLIST_FILE = YES;
				IPHONEOS_DEPLOYMENT_TARGET = 18.0;
				MACOSX_DEPLOYMENT_TARGET = 26.0;
				MARKETING_VERSION = 1.0;
				PRODUCT_BUNDLE_IDENTIFIER = jmount.NoBuddyUITests;
				PRODUCT_NAME = "$(TARGET_NAME)";
				SDKROOT = auto;
				STRING_CATALOG_GENERATE_SYMBOLS = NO;
				SUPPORTED_PLATFORMS = "iphoneos iphonesimulator macosx xros xrsimulator";
				SWIFT_EMIT_LOC_STRINGS = NO;
				SWIFT_UPCOMING_FEATURE_MEMBER_IMPORT_VISIBILITY = YES;
				SWIFT_VERSION = 5.0;
				TARGETED_DEVICE_FAMILY = "1,2,7";
				TEST_TARGET_NAME = NoBuddy;
				XROS_DEPLOYMENT_TARGET = 26.0;
			};
			name = Debug;
		};
		429B4B052E2AF1A6007024A8 /* Release */ = {
			isa = XCBuildConfiguration;
			buildSettings = {
				CODE_SIGN_STYLE = Automatic;
				CURRENT_PROJECT_VERSION = 1;
				DEVELOPMENT_TEAM = FZ8DWDX6A5;
				GENERATE_INFOPLIST_FILE = YES;
				IPHONEOS_DEPLOYMENT_TARGET = 18.0;
				MACOSX_DEPLOYMENT_TARGET = 26.0;
				MARKETING_VERSION = 1.0;
				PRODUCT_BUNDLE_IDENTIFIER = jmount.NoBuddyUITests;
				PRODUCT_NAME = "$(TARGET_NAME)";
				SDKROOT = auto;
				STRING_CATALOG_GENERATE_SYMBOLS = NO;
				SUPPORTED_PLATFORMS = "iphoneos iphonesimulator macosx xros xrsimulator";
				SWIFT_EMIT_LOC_STRINGS = NO;
				SWIFT_UPCOMING_FEATURE_MEMBER_IMPORT_VISIBILITY = YES;
				SWIFT_VERSION = 5.0;
				TARGETED_DEVICE_FAMILY = "1,2,7";
				TEST_TARGET_NAME = NoBuddy;
				XROS_DEPLOYMENT_TARGET = 26.0;
			};
			name = Release;
		};
		429B4B3E2E2AF39E007024A8 /* Debug */ = {
			isa = XCBuildConfiguration;
			buildSettings = {
				ASSETCATALOG_COMPILER_GLOBAL_ACCENT_COLOR_NAME = AccentColor;
				ASSETCATALOG_COMPILER_WIDGET_BACKGROUND_COLOR_NAME = WidgetBackground;
				CODE_SIGN_ENTITLEMENTS = NoBuddyWidgetExtension.entitlements;
				CODE_SIGN_STYLE = Automatic;
				CURRENT_PROJECT_VERSION = 1;
				DEVELOPMENT_TEAM = FZ8DWDX6A5;
				GENERATE_INFOPLIST_FILE = YES;
				INFOPLIST_FILE = NoBuddyWidget/Info.plist;
				INFOPLIST_KEY_CFBundleDisplayName = NoBuddyWidget;
				INFOPLIST_KEY_NSHumanReadableCopyright = "";
				IPHONEOS_DEPLOYMENT_TARGET = 18.0;
				LD_RUNPATH_SEARCH_PATHS = (
					"$(inherited)",
					"@executable_path/Frameworks",
					"@executable_path/../../Frameworks",
				);
				MARKETING_VERSION = 1.0;
				PRODUCT_BUNDLE_IDENTIFIER = jmount.NoBuddy.NoBuddyWidget;
				PRODUCT_NAME = "$(TARGET_NAME)";
				SDKROOT = iphoneos;
				SKIP_INSTALL = YES;
				STRING_CATALOG_GENERATE_SYMBOLS = YES;
				SUPPORTED_PLATFORMS = "iphoneos iphonesimulator";
				SUPPORTS_MACCATALYST = NO;
				SUPPORTS_MAC_DESIGNED_FOR_IPHONE_IPAD = NO;
				SUPPORTS_XR_DESIGNED_FOR_IPHONE_IPAD = NO;
				SWIFT_EMIT_LOC_STRINGS = YES;
				SWIFT_UPCOMING_FEATURE_MEMBER_IMPORT_VISIBILITY = YES;
				SWIFT_VERSION = 5.0;
				TARGETED_DEVICE_FAMILY = "1,2";
			};
			name = Debug;
		};
		429B4B3F2E2AF39E007024A8 /* Release */ = {
			isa = XCBuildConfiguration;
			buildSettings = {
				ASSETCATALOG_COMPILER_GLOBAL_ACCENT_COLOR_NAME = AccentColor;
				ASSETCATALOG_COMPILER_WIDGET_BACKGROUND_COLOR_NAME = WidgetBackground;
				CODE_SIGN_ENTITLEMENTS = NoBuddyWidgetExtension.entitlements;
				CODE_SIGN_STYLE = Automatic;
				CURRENT_PROJECT_VERSION = 1;
				DEVELOPMENT_TEAM = FZ8DWDX6A5;
				GENERATE_INFOPLIST_FILE = YES;
				INFOPLIST_FILE = NoBuddyWidget/Info.plist;
				INFOPLIST_KEY_CFBundleDisplayName = NoBuddyWidget;
				INFOPLIST_KEY_NSHumanReadableCopyright = "";
				IPHONEOS_DEPLOYMENT_TARGET = 18.0;
				LD_RUNPATH_SEARCH_PATHS = (
					"$(inherited)",
					"@executable_path/Frameworks",
					"@executable_path/../../Frameworks",
				);
				MARKETING_VERSION = 1.0;
				PRODUCT_BUNDLE_IDENTIFIER = jmount.NoBuddy.NoBuddyWidget;
				PRODUCT_NAME = "$(TARGET_NAME)";
				SDKROOT = iphoneos;
				SKIP_INSTALL = YES;
				STRING_CATALOG_GENERATE_SYMBOLS = YES;
				SUPPORTED_PLATFORMS = "iphoneos iphonesimulator";
				SUPPORTS_MACCATALYST = NO;
				SUPPORTS_MAC_DESIGNED_FOR_IPHONE_IPAD = NO;
				SUPPORTS_XR_DESIGNED_FOR_IPHONE_IPAD = NO;
				SWIFT_EMIT_LOC_STRINGS = YES;
				SWIFT_UPCOMING_FEATURE_MEMBER_IMPORT_VISIBILITY = YES;
				SWIFT_VERSION = 5.0;
				TARGETED_DEVICE_FAMILY = "1,2";
				VALIDATE_PRODUCT = YES;
			};
			name = Release;
		};
/* End XCBuildConfiguration section */

/* Begin XCConfigurationList section */
		429B4AD22E2AF1A2007024A8 /* Build configuration list for PBXProject "NoBuddy" */ = {
			isa = XCConfigurationList;
			buildConfigurations = (
				429B4AFE2E2AF1A6007024A8 /* Debug */,
				429B4AFF2E2AF1A6007024A8 /* Release */,
			);
			defaultConfigurationIsVisible = 0;
			defaultConfigurationName = Release;
		};
		429B4AFB2E2AF1A6007024A8 /* Build configuration list for PBXNativeTarget "NoBuddy" */ = {
			isa = XCConfigurationList;
			buildConfigurations = (
				429B4AFC2E2AF1A6007024A8 /* Debug */,
				429B4AFD2E2AF1A6007024A8 /* Release */,
			);
			defaultConfigurationIsVisible = 0;
			defaultConfigurationName = Release;
		};
		429B4B002E2AF1A6007024A8 /* Build configuration list for PBXNativeTarget "NoBuddyTests" */ = {
			isa = XCConfigurationList;
			buildConfigurations = (
				429B4B012E2AF1A6007024A8 /* Debug */,
				429B4B022E2AF1A6007024A8 /* Release */,
			);
			defaultConfigurationIsVisible = 0;
			defaultConfigurationName = Release;
		};
		429B4B032E2AF1A6007024A8 /* Build configuration list for PBXNativeTarget "NoBuddyUITests" */ = {
			isa = XCConfigurationList;
			buildConfigurations = (
				429B4B042E2AF1A6007024A8 /* Debug */,
				429B4B052E2AF1A6007024A8 /* Release */,
			);
			defaultConfigurationIsVisible = 0;
			defaultConfigurationName = Release;
		};
		429B4B3D2E2AF39E007024A8 /* Build configuration list for PBXNativeTarget "NoBuddyWidgetExtension" */ = {
			isa = XCConfigurationList;
			buildConfigurations = (
				429B4B3E2E2AF39E007024A8 /* Debug */,
				429B4B3F2E2AF39E007024A8 /* Release */,
			);
			defaultConfigurationIsVisible = 0;
			defaultConfigurationName = Release;
		};
/* End XCConfigurationList section */
	};
	rootObject = 429B4ACF2E2AF1A2007024A8 /* Project object */;
}
